
Microsoft Visual Studio Solution File, Format Version 12.00
# Visual Studio 15
VisualStudioVersion = 15.0.28307.489
MinimumVisualStudioVersion = 10.0.40219.1
Project("{2150E333-8FDC-42A3-9474-1A3956D46DE8}") = "Creational", "Creational", "{A71501FE-3E20-4DCA-BDDD-5BE6E108EA42}"
EndProject
Project("{9A19103F-16F7-4668-BE54-9A1E7A4F7556}") = "FactoryPattern", "FactoryPattern\FactoryPattern.csproj", "{B3915EFE-6812-4889-B149-74C08D99F559}"
EndProject
Project("{FAE04EC0-301F-11D3-BF4B-00C04F79EFBC}") = "AbstractFactoryPattern", "AbstractFactoryPattern\AbstractFactoryPattern.csproj", "{0C5C224A-C94E-4F8C-85C1-F07AB52FC464}"
EndProject
Project("{FAE04EC0-301F-11D3-BF4B-00C04F79EFBC}") = "SingletonPattern", "SingletonPattern\SingletonPattern.csproj", "{6B759420-4C21-4937-B902-3303BE2AC796}"
EndProject
Project("{FAE04EC0-301F-11D3-BF4B-00C04F79EFBC}") = "BuilderPattern", "BuilderPattern\BuilderPattern.csproj", "{8911E6C5-D850-466A-9411-01F886094B4E}"
EndProject
Global
	GlobalSection(SolutionConfigurationPlatforms) = preSolution
		Debug|Any CPU = Debug|Any CPU
		Release|Any CPU = Release|Any CPU
	EndGlobalSection
	GlobalSection(ProjectConfigurationPlatforms) = postSolution
		{B3915EFE-6812-4889-B149-74C08D99F559}.Debug|Any CPU.ActiveCfg = Debug|Any CPU
		{B3915EFE-6812-4889-B149-74C08D99F559}.Debug|Any CPU.Build.0 = Debug|Any CPU
		{B3915EFE-6812-4889-B149-74C08D99F559}.Release|Any CPU.ActiveCfg = Release|Any CPU
		{B3915EFE-6812-4889-B149-74C08D99F559}.Release|Any CPU.Build.0 = Release|Any CPU
		{0C5C224A-C94E-4F8C-85C1-F07AB52FC464}.Debug|Any CPU.ActiveCfg = Debug|Any CPU
		{0C5C224A-C94E-4F8C-85C1-F07AB52FC464}.Debug|Any CPU.Build.0 = Debug|Any CPU
		{0C5C224A-C94E-4F8C-85C1-F07AB52FC464}.Release|Any CPU.ActiveCfg = Release|Any CPU
		{0C5C224A-C94E-4F8C-85C1-F07AB52FC464}.Release|Any CPU.Build.0 = Release|Any CPU
		{6B759420-4C21-4937-B902-3303BE2AC796}.Debug|Any CPU.ActiveCfg = Debug|Any CPU
		{6B759420-4C21-4937-B902-3303BE2AC796}.Debug|Any CPU.Build.0 = Debug|Any CPU
		{6B759420-4C21-4937-B902-3303BE2AC796}.Release|Any CPU.ActiveCfg = Release|Any CPU
		{6B759420-4C21-4937-B902-3303BE2AC796}.Release|Any CPU.Build.0 = Release|Any CPU
		{8911E6C5-D850-466A-9411-01F886094B4E}.Debug|Any CPU.ActiveCfg = Debug|Any CPU
		{8911E6C5-D850-466A-9411-01F886094B4E}.Debug|Any CPU.Build.0 = Debug|Any CPU
		{8911E6C5-D850-466A-9411-01F886094B4E}.Release|Any CPU.ActiveCfg = Release|Any CPU
		{8911E6C5-D850-466A-9411-01F886094B4E}.Release|Any CPU.Build.0 = Release|Any CPU
	EndGlobalSection
	GlobalSection(SolutionProperties) = preSolution
		HideSolutionNode = FALSE
	EndGlobalSection
	GlobalSection(NestedProjects) = preSolution
		{B3915EFE-6812-4889-B149-74C08D99F559} = {A71501FE-3E20-4DCA-BDDD-5BE6E108EA42}
		{0C5C224A-C94E-4F8C-85C1-F07AB52FC464} = {A71501FE-3E20-4DCA-BDDD-5BE6E108EA42}
		{6B759420-4C21-4937-B902-3303BE2AC796} = {A71501FE-3E20-4DCA-BDDD-5BE6E108EA42}
		{8911E6C5-D850-466A-9411-01F886094B4E} = {A71501FE-3E20-4DCA-BDDD-5BE6E108EA42}
	EndGlobalSection
	GlobalSection(ExtensibilityGlobals) = postSolution
		SolutionGuid = {EC2C5081-213A-415C-AD8C-B867B16E5CE3}
	EndGlobalSection
EndGlobal
